
Microsoft Visual Studio Solution File, Format Version 12.00
Project("{FAE04EC0-301F-11D3-BF4B-00C04F79EFBC}") = "Adamantium.DXC", "Adamantium.DXC\Adamantium.DXC.csproj", "{D1F8642A-C1D8-481D-A965-9051864AF5EB}"
EndProject
Project("{FAE04EC0-301F-11D3-BF4B-00C04F79EFBC}") = "Adamantium.DXC.Generator", "Adamantium.DXC.Generator\Adamantium.DXC.Generator.csproj", "{2282B44A-08C9-44B3-A2AC-25AFC8659CCD}"
EndProject
Project("{FAE04EC0-301F-11D3-BF4B-00C04F79EFBC}") = "AdamantiumDXC.Demo", "AdamantiumDXC.Demo\AdamantiumDXC.Demo.csproj", "{A772244D-9AE5-4B58-9296-81CD26E25D06}"
EndProject
Global
	GlobalSection(SolutionConfigurationPlatforms) = preSolution
		Debug|Any CPU = Debug|Any CPU
		Release|Any CPU = Release|Any CPU
	EndGlobalSection
	GlobalSection(ProjectConfigurationPlatforms) = postSolution
		{D1F8642A-C1D8-481D-A965-9051864AF5EB}.Debug|Any CPU.ActiveCfg = Debug|Any CPU
		{D1F8642A-C1D8-481D-A965-9051864AF5EB}.Debug|Any CPU.Build.0 = Debug|Any CPU
		{D1F8642A-C1D8-481D-A965-9051864AF5EB}.Release|Any CPU.ActiveCfg = Release|Any CPU
		{D1F8642A-C1D8-481D-A965-9051864AF5EB}.Release|Any CPU.Build.0 = Release|Any CPU
		{2282B44A-08C9-44B3-A2AC-25AFC8659CCD}.Debug|Any CPU.ActiveCfg = Debug|Any CPU
		{2282B44A-08C9-44B3-A2AC-25AFC8659CCD}.Debug|Any CPU.Build.0 = Debug|Any CPU
		{2282B44A-08C9-44B3-A2AC-25AFC8659CCD}.Release|Any CPU.ActiveCfg = Release|Any CPU
		{2282B44A-08C9-44B3-A2AC-25AFC8659CCD}.Release|Any CPU.Build.0 = Release|Any CPU
		{A772244D-9AE5-4B58-9296-81CD26E25D06}.Debug|Any CPU.ActiveCfg = Debug|Any CPU
		{A772244D-9AE5-4B58-9296-81CD26E25D06}.Debug|Any CPU.Build.0 = Debug|Any CPU
		{A772244D-9AE5-4B58-9296-81CD26E25D06}.Release|Any CPU.ActiveCfg = Release|Any CPU
		{A772244D-9AE5-4B58-9296-81CD26E25D06}.Release|Any CPU.Build.0 = Release|Any CPU
	EndGlobalSection
EndGlobal
